// !$*UTF8*$!
{
	archiveVersion = 1;
	classes = {
	};
	objectVersion = 52;
	objects = {

/* Begin PBXBuildFile section */
		84CCB6C825EA851D00A1DE3E /* Random_Image_GeneratorApp.swift in Sources */ = {isa = PBXBuildFile; fileRef = 84CCB6C725EA851D00A1DE3E /* Random_Image_GeneratorApp.swift */; };
		84CCB6CA25EA851D00A1DE3E /* ContentView.swift in Sources */ = {isa = PBXBuildFile; fileRef = 84CCB6C925EA851D00A1DE3E /* ContentView.swift */; };
		84CCB6CC25EA852200A1DE3E /* Assets.xcassets in Resources */ = {isa = PBXBuildFile; fileRef = 84CCB6CB25EA852200A1DE3E /* Assets.xcassets */; };
		84CCB6CF25EA852200A1DE3E /* Preview Assets.xcassets in Resources */ = {isa = PBXBuildFile; fileRef = 84CCB6CE25EA852200A1DE3E /* Preview Assets.xcassets */; };
		84CCB6D925EA89C300A1DE3E /* SDWebImageSwiftUI in Frameworks */ = {isa = PBXBuildFile; productRef = 84CCB6D825EA89C300A1DE3E /* SDWebImageSwiftUI */; };
		84CCB6DC25EA92B900A1DE3E /* GenerateViewModel.swift in Sources */ = {isa = PBXBuildFile; fileRef = 84CCB6DB25EA92B900A1DE3E /* GenerateViewModel.swift */; };
		84CCB6DF25EA963600A1DE3E /* InputVIew.swift in Sources */ = {isa = PBXBuildFile; fileRef = 84CCB6DE25EA963600A1DE3E /* InputVIew.swift */; };
/* End PBXBuildFile section */

/* Begin PBXFileReference section */
		84CCB6C425EA851D00A1DE3E /* Random Image Generator.app */ = {isa = PBXFileReference; explicitFileType = wrapper.application; includeInIndex = 0; path = "Random Image Generator.app"; sourceTree = BUILT_PRODUCTS_DIR; };
		84CCB6C725EA851D00A1DE3E /* Random_Image_GeneratorApp.swift */ = {isa = PBXFileReference; lastKnownFileType = sourcecode.swift; path = Random_Image_GeneratorApp.swift; sourceTree = "<group>"; };
		84CCB6C925EA851D00A1DE3E /* ContentView.swift */ = {isa = PBXFileReference; lastKnownFileType = sourcecode.swift; path = ContentView.swift; sourceTree = "<group>"; };
		84CCB6CB25EA852200A1DE3E /* Assets.xcassets */ = {isa = PBXFileReference; lastKnownFileType = folder.assetcatalog; path = Assets.xcassets; sourceTree = "<group>"; };
		84CCB6CE25EA852200A1DE3E /* Preview Assets.xcassets */ = {isa = PBXFileReference; lastKnownFileType = folder.assetcatalog; path = "Preview Assets.xcassets"; sourceTree = "<group>"; };
		84CCB6D025EA852200A1DE3E /* Info.plist */ = {isa = PBXFileReference; lastKnownFileType = text.plist.xml; path = Info.plist; sourceTree = "<group>"; };
		84CCB6DB25EA92B900A1DE3E /* GenerateViewModel.swift */ = {isa = PBXFileReference; lastKnownFileType = sourcecode.swift; path = GenerateViewModel.swift; sourceTree = "<group>"; };
		84CCB6DE25EA963600A1DE3E /* InputVIew.swift */ = {isa = PBXFileReference; lastKnownFileType = sourcecode.swift; path = InputVIew.swift; sourceTree = "<group>"; };
/* End PBXFileReference section */

/* Begin PBXFrameworksBuildPhase section */
		84CCB6C125EA851D00A1DE3E /* Frameworks */ = {
			isa = PBXFrameworksBuildPhase;
			buildActionMask = 2147483647;
			files = (
				84CCB6D925EA89C300A1DE3E /* SDWebImageSwiftUI in Frameworks */,
			);
			runOnlyForDeploymentPostprocessing = 0;
		};
/* End PBXFrameworksBuildPhase section */

/* Begin PBXGroup section */
		84CCB6BB25EA851D00A1DE3E = {
			isa = PBXGroup;
			children = (
				84CCB6C625EA851D00A1DE3E /* Random Image Generator */,
				84CCB6C525EA851D00A1DE3E /* Products */,
			);
			sourceTree = "<group>";
		};
		84CCB6C525EA851D00A1DE3E /* Products */ = {
			isa = PBXGroup;
			children = (
				84CCB6C425EA851D00A1DE3E /* Random Image Generator.app */,
			);
			name = Products;
			sourceTree = "<group>";
		};
		84CCB6C625EA851D00A1DE3E /* Random Image Generator */ = {
			isa = PBXGroup;
			children = (
				84CCB6C725EA851D00A1DE3E /* Random_Image_GeneratorApp.swift */,
				84CCB6C925EA851D00A1DE3E /* ContentView.swift */,
				84CCB6DE25EA963600A1DE3E /* InputVIew.swift */,
				84CCB6DB25EA92B900A1DE3E /* GenerateViewModel.swift */,
				84CCB6CB25EA852200A1DE3E /* Assets.xcassets */,
				84CCB6D025EA852200A1DE3E /* Info.plist */,
				84CCB6CD25EA852200A1DE3E /* Preview Content */,
			);
			path = "Random Image Generator";
			sourceTree = "<group>";
		};
		84CCB6CD25EA852200A1DE3E /* Preview Content */ = {
			isa = PBXGroup;
			children = (
				84CCB6CE25EA852200A1DE3E /* Preview Assets.xcassets */,
			);
			path = "Preview Content";
			sourceTree = "<group>";
		};
/* End PBXGroup section */

/* Begin PBXNativeTarget section */
		84CCB6C325EA851D00A1DE3E /* Random Image Generator */ = {
			isa = PBXNativeTarget;
			buildConfigurationList = 84CCB6D325EA852200A1DE3E /* Build configuration list for PBXNativeTarget "Random Image Generator" */;
			buildPhases = (
				84CCB6C025EA851D00A1DE3E /* Sources */,
				84CCB6C125EA851D00A1DE3E /* Frameworks */,
				84CCB6C225EA851D00A1DE3E /* Resources */,
			);
			buildRules = (
			);
			dependencies = (
			);
			name = "Random Image Generator";
			packageProductDependencies = (
				84CCB6D825EA89C300A1DE3E /* SDWebImageSwiftUI */,
			);
			productName = "Random Image Generator";
			productReference = 84CCB6C425EA851D00A1DE3E /* Random Image Generator.app */;
			productType = "com.apple.product-type.application";
		};
/* End PBXNativeTarget section */

/* Begin PBXProject section */
		84CCB6BC25EA851D00A1DE3E /* Project object */ = {
			isa = PBXProject;
			attributes = {
				LastSwiftUpdateCheck = 1220;
				LastUpgradeCheck = 1220;
				TargetAttributes = {
					84CCB6C325EA851D00A1DE3E = {
						CreatedOnToolsVersion = 12.2;
					};
				};
			};
			buildConfigurationList = 84CCB6BF25EA851D00A1DE3E /* Build configuration list for PBXProject "Random Image Generator" */;
			compatibilityVersion = "Xcode 9.3";
			developmentRegion = en;
			hasScannedForEncodings = 0;
			knownRegions = (
				en,
				Base,
			);
			mainGroup = 84CCB6BB25EA851D00A1DE3E;
			packageReferences = (
				84CCB6D725EA89C300A1DE3E /* XCRemoteSwiftPackageReference "SDWebImageSwiftUI" */,
			);
			productRefGroup = 84CCB6C525EA851D00A1DE3E /* Products */;
			projectDirPath = "";
			projectRoot = "";
			targets = (
				84CCB6C325EA851D00A1DE3E /* Random Image Generator */,
			);
		};
/* End PBXProject section */

/* Begin PBXResourcesBuildPhase section */
		84CCB6C225EA851D00A1DE3E /* Resources */ = {
			isa = PBXResourcesBuildPhase;
			buildActionMask = 2147483647;
			files = (
				84CCB6CF25EA852200A1DE3E /* Preview Assets.xcassets in Resources */,
				84CCB6CC25EA852200A1DE3E /* Assets.xcassets in Resources */,
			);
			runOnlyForDeploymentPostprocessing = 0;
		};
/* End PBXResourcesBuildPhase section */

/* Begin PBXSourcesBuildPhase section */
		84CCB6C025EA851D00A1DE3E /* Sources */ = {
			isa = PBXSourcesBuildPhase;
			buildActionMask = 2147483647;
			files = (
				84CCB6DC25EA92B900A1DE3E /* GenerateViewModel.swift in Sources */,
				84CCB6DF25EA963600A1DE3E /* InputVIew.swift in Sources */,
				84CCB6CA25EA851D00A1DE3E /* ContentView.swift in Sources */,
				84CCB6C825EA851D00A1DE3E /* Random_Image_GeneratorApp.swift in Sources */,
			);
			runOnlyForDeploymentPostprocessing = 0;
		};
/* End PBXSourcesBuildPhase section */

/* Begin XCBuildConfiguration section */
		84CCB6D125EA852200A1DE3E /* Debug */ = {
			isa = XCBuildConfiguration;
			buildSettings = {
				ALWAYS_SEARCH_USER_PATHS = NO;
				CLANG_ANALYZER_NONNULL = YES;
				CLANG_ANALYZER_NUMBER_OBJECT_CONVERSION = YES_AGGRESSIVE;
				CLANG_CXX_LANGUAGE_STANDARD = "gnu++14";
				CLANG_CXX_LIBRARY = "libc++";
				CLANG_ENABLE_MODULES = YES;
				CLANG_ENABLE_OBJC_ARC = YES;
				CLANG_ENABLE_OBJC_WEAK = YES;
				CLANG_WARN_BLOCK_CAPTURE_AUTORELEASING = YES;
				CLANG_WARN_BOOL_CONVERSION = YES;
				CLANG_WARN_COMMA = YES;
				CLANG_WARN_CONSTANT_CONVERSION = YES;
				CLANG_WARN_DEPRECATED_OBJC_IMPLEMENTATIONS = YES;
				CLANG_WARN_DIRECT_OBJC_ISA_USAGE = YES_ERROR;
				CLANG_WARN_DOCUMENTATION_COMMENTS = YES;
				CLANG_WARN_EMPTY_BODY = YES;
				CLANG_WARN_ENUM_CONVERSION = YES;
				CLANG_WARN_INFINITE_RECURSION = YES;
				CLANG_WARN_INT_CONVERSION = YES;
				CLANG_WARN_NON_LITERAL_NULL_CONVERSION = YES;
				CLANG_WARN_OBJC_IMPLICIT_RETAIN_SELF = YES;
				CLANG_WARN_OBJC_LITERAL_CONVERSION = YES;
				CLANG_WARN_OBJC_ROOT_CLASS = YES_ERROR;
				CLANG_WARN_QUOTED_INCLUDE_IN_FRAMEWORK_HEADER = YES;
				CLANG_WARN_RANGE_LOOP_ANALYSIS = YES;
				CLANG_WARN_STRICT_PROTOTYPES = YES;
				CLANG_WARN_SUSPICIOUS_MOVE = YES;
				CLANG_WARN_UNGUARDED_AVAILABILITY = YES_AGGRESSIVE;
				CLANG_WARN_UNREACHABLE_CODE = YES;
				CLANG_WARN__DUPLICATE_METHOD_MATCH = YES;
				COPY_PHASE_STRIP = NO;
				DEBUG_INFORMATION_FORMAT = dwarf;
				ENABLE_STRICT_OBJC_MSGSEND = YES;
				ENABLE_TESTABILITY = YES;
				GCC_C_LANGUAGE_STANDARD = gnu11;
				GCC_DYNAMIC_NO_PIC = NO;
				GCC_NO_COMMON_BLOCKS = YES;
				GCC_OPTIMIZATION_LEVEL = 0;
				GCC_PREPROCESSOR_DEFINITIONS = (
					"DEBUG=1",
					"$(inherited)",
				);
				GCC_WARN_64_TO_32_BIT_CONVERSION = YES;
				GCC_WARN_ABOUT_RETURN_TYPE = YES_ERROR;
				GCC_WARN_UNDECLARED_SELECTOR = YES;
				GCC_WARN_UNINITIALIZED_AUTOS = YES_AGGRESSIVE;
				GCC_WARN_UNUSED_FUNCTION = YES;
				GCC_WARN_UNUSED_VARIABLE = YES;
				IPHONEOS_DEPLOYMENT_TARGET = 14.2;
				MTL_ENABLE_DEBUG_INFO = INCLUDE_SOURCE;
				MTL_FAST_MATH = YES;
				ONLY_ACTIVE_ARCH = YES;
				SDKROOT = iphoneos;
				SWIFT_ACTIVE_COMPILATION_CONDITIONS = DEBUG;
				SWIFT_OPTIMIZATION_LEVEL = "-Onone";
			};
			name = Debug;
		};
		84CCB6D225EA852200A1DE3E /* Release */ = {
			isa = XCBuildConfiguration;
			buildSettings = {
				ALWAYS_SEARCH_USER_PATHS = NO;
				CLANG_ANALYZER_NONNULL = YES;
				CLANG_ANALYZER_NUMBER_OBJECT_CONVERSION = YES_AGGRESSIVE;
				CLANG_CXX_LANGUAGE_STANDARD = "gnu++14";
				CLANG_CXX_LIBRARY = "libc++";
				CLANG_ENABLE_MODULES = YES;
				CLANG_ENABLE_OBJC_ARC = YES;
				CLANG_ENABLE_OBJC_WEAK = YES;
				CLANG_WARN_BLOCK_CAPTURE_AUTORELEASING = YES;
				CLANG_WARN_BOOL_CONVERSION = YES;
				CLANG_WARN_COMMA = YES;
				CLANG_WARN_CONSTANT_CONVERSION = YES;
				CLANG_WARN_DEPRECATED_OBJC_IMPLEMENTATIONS = YES;
				CLANG_WARN_DIRECT_OBJC_ISA_USAGE = YES_ERROR;
				CLANG_WARN_DOCUMENTATION_COMMENTS = YES;
				CLANG_WARN_EMPTY_BODY = YES;
				CLANG_WARN_ENUM_CONVERSION = YES;
				CLANG_WARN_INFINITE_RECURSION = YES;
				CLANG_WARN_INT_CONVERSION = YES;
				CLANG_WARN_NON_LITERAL_NULL_CONVERSION = YES;
				CLANG_WARN_OBJC_IMPLICIT_RETAIN_SELF = YES;
				CLANG_WARN_OBJC_LITERAL_CONVERSION = YES;
				CLANG_WARN_OBJC_ROOT_CLASS = YES_ERROR;
				CLANG_WARN_QUOTED_INCLUDE_IN_FRAMEWORK_HEADER = YES;
				CLANG_WARN_RANGE_LOOP_ANALYSIS = YES;
				CLANG_WARN_STRICT_PROTOTYPES = YES;
				CLANG_WARN_SUSPICIOUS_MOVE = YES;
				CLANG_WARN_UNGUARDED_AVAILABILITY = YES_AGGRESSIVE;
				CLANG_WARN_UNREACHABLE_CODE = YES;
				CLANG_WARN__DUPLICATE_METHOD_MATCH = YES;
				COPY_PHASE_STRIP = NO;
				DEBUG_INFORMATION_FORMAT = "dwarf-with-dsym";
				ENABLE_NS_ASSERTIONS = NO;
				ENABLE_STRICT_OBJC_MSGSEND = YES;
				GCC_C_LANGUAGE_STANDARD = gnu11;
				GCC_NO_COMMON_BLOCKS = YES;
				GCC_WARN_64_TO_32_BIT_CONVERSION = YES;
				GCC_WARN_ABOUT_RETURN_TYPE = YES_ERROR;
				GCC_WARN_UNDECLARED_SELECTOR = YES;
				GCC_WARN_UNINITIALIZED_AUTOS = YES_AGGRESSIVE;
				GCC_WARN_UNUSED_FUNCTION = YES;
				GCC_WARN_UNUSED_VARIABLE = YES;
				IPHONEOS_DEPLOYMENT_TARGET = 14.2;
				MTL_ENABLE_DEBUG_INFO = NO;
				MTL_FAST_MATH = YES;
				SDKROOT = iphoneos;
				SWIFT_COMPILATION_MODE = wholemodule;
				SWIFT_OPTIMIZATION_LEVEL = "-O";
				VALIDATE_PRODUCT = YES;
			};
			name = Release;
		};
		84CCB6D425EA852200A1DE3E /* Debug */ = {
			isa = XCBuildConfiguration;
			buildSettings = {
				ASSETCATALOG_COMPILER_APPICON_NAME = AppIcon;
				ASSETCATALOG_COMPILER_GLOBAL_ACCENT_COLOR_NAME = AccentColor;
				CODE_SIGN_STYLE = Automatic;
				DEVELOPMENT_ASSET_PATHS = "\"Random Image Generator/Preview Content\"";
				ENABLE_PREVIEWS = YES;
				INFOPLIST_FILE = "Random Image Generator/Info.plist";
				IPHONEOS_DEPLOYMENT_TARGET = 14.0;
				LD_RUNPATH_SEARCH_PATHS = (
					"$(inherited)",
					"@executable_path/Frameworks",
				);
				PRODUCT_BUNDLE_IDENTIFIER = "rickyirfandi.com.Random-Image-Generator";
				PRODUCT_NAME = "$(TARGET_NAME)";
				SWIFT_VERSION = 5.0;
				TARGETED_DEVICE_FAMILY = "1,2";
			};
			name = Debug;
		};
		84CCB6D525EA852200A1DE3E /* Release */ = {
			isa = XCBuildConfiguration;
			buildSettings = {
				ASSETCATALOG_COMPILER_APPICON_NAME = AppIcon;
				ASSETCATALOG_COMPILER_GLOBAL_ACCENT_COLOR_NAME = AccentColor;
				CODE_SIGN_STYLE = Automatic;
				DEVELOPMENT_ASSET_PATHS = "\"Random Image Generator/Preview Content\"";
				ENABLE_PREVIEWS = YES;
				INFOPLIST_FILE = "Random Image Generator/Info.plist";
				IPHONEOS_DEPLOYMENT_TARGET = 14.0;
				LD_RUNPATH_SEARCH_PATHS = (
					"$(inherited)",
					"@executable_path/Frameworks",
				);
				PRODUCT_BUNDLE_IDENTIFIER = "rickyirfandi.com.Random-Image-Generator";
				PRODUCT_NAME = "$(TARGET_NAME)";
				SWIFT_VERSION = 5.0;
				TARGETED_DEVICE_FAMILY = "1,2";
			};
			name = Release;
		};
/* End XCBuildConfiguration section */

/* Begin XCConfigurationList section */
		84CCB6BF25EA851D00A1DE3E /* Build configuration list for PBXProject "Random Image Generator" */ = {
			isa = XCConfigurationList;
			buildConfigurations = (
				84CCB6D125EA852200A1DE3E /* Debug */,
				84CCB6D225EA852200A1DE3E /* Release */,
			);
			defaultConfigurationIsVisible = 0;
			defaultConfigurationName = Release;
		};
		84CCB6D325EA852200A1DE3E /* Build configuration list for PBXNativeTarget "Random Image Generator" */ = {
			isa = XCConfigurationList;
			buildConfigurations = (
				84CCB6D425EA852200A1DE3E /* Debug */,
				84CCB6D525EA852200A1DE3E /* Release */,
			);
			defaultConfigurationIsVisible = 0;
			defaultConfigurationName = Release;
		};
/* End XCConfigurationList section */

/* Begin XCRemoteSwiftPackageReference section */
		84CCB6D725EA89C300A1DE3E /* XCRemoteSwiftPackageReference "SDWebImageSwiftUI" */ = {
			isa = XCRemoteSwiftPackageReference;
			repositoryURL = "https://github.com/SDWebImage/SDWebImageSwiftUI.git";
			requirement = {
				kind = upToNextMajorVersion;
				minimumVersion = 2.0.1;
			};
		};
/* End XCRemoteSwiftPackageReference section */

/* Begin XCSwiftPackageProductDependency section */
		84CCB6D825EA89C300A1DE3E /* SDWebImageSwiftUI */ = {
			isa = XCSwiftPackageProductDependency;
			package = 84CCB6D725EA89C300A1DE3E /* XCRemoteSwiftPackageReference "SDWebImageSwiftUI" */;
			productName = SDWebImageSwiftUI;
		};
/* End XCSwiftPackageProductDependency section */
	};
	rootObject = 84CCB6BC25EA851D00A1DE3E /* Project object */;
}
